
Microsoft Visual Studio Solution File, Format Version 12.00
# Visual Studio Version 17
VisualStudioVersion = 17.4.33213.308
MinimumVisualStudioVersion = 10.0.40219.1
Project("{FAE04EC0-301F-11D3-BF4B-00C04F79EFBC}") = "NguyenDinhHieu_1118_Tuan4", "NguyenDinhHieu_1118_Tuan4\NguyenDinhHieu_1118_Tuan4.csproj", "{7C92780F-ED45-42CC-A655-9431CF787C0D}"
EndProject
Global
	GlobalSection(SolutionConfigurationPlatforms) = preSolution
		Debug|Any CPU = Debug|Any CPU
		Release|Any CPU = Release|Any CPU
	EndGlobalSection
	GlobalSection(ProjectConfigurationPlatforms) = postSolution
		{7C92780F-ED45-42CC-A655-9431CF787C0D}.Debug|Any CPU.ActiveCfg = Debug|Any CPU
		{7C92780F-ED45-42CC-A655-9431CF787C0D}.Debug|Any CPU.Build.0 = Debug|Any CPU
		{7C92780F-ED45-42CC-A655-9431CF787C0D}.Release|Any CPU.ActiveCfg = Release|Any CPU
		{7C92780F-ED45-42CC-A655-9431CF787C0D}.Release|Any CPU.Build.0 = Release|Any CPU
	EndGlobalSection
	GlobalSection(SolutionProperties) = preSolution
		HideSolutionNode = FALSE
	EndGlobalSection
	GlobalSection(ExtensibilityGlobals) = postSolution
		SolutionGuid = {26F4B504-AE13-4B3D-8B75-3C461DDBD520}
	EndGlobalSection
EndGlobal
